
Microsoft Visual Studio Solution File, Format Version 12.00
# Visual Studio 14
VisualStudioVersion = 14.0.25420.1
MinimumVisualStudioVersion = 10.0.40219.1
Project("{8BC9CEB8-8B4A-11D0-8D11-00A0C91BC942}") = "Game  Programming", "Game  Programming\Game  Programming.vcxproj", "{69E46FD0-54C7-4F39-9B8D-EC2F45E3265F}"
EndProject
Project("{8BC9CEB8-8B4A-11D0-8D11-00A0C91BC942}") = "Inventory Displayer 程序", "Inventory Displayer 程序\Inventory Displayer 程序.vcxproj", "{05D6716F-A3DC-4E59-A0FE-218AC640BD04}"
EndProject
Project("{8BC9CEB8-8B4A-11D0-8D11-00A0C91BC942}") = "Inventory Referencer 程序", "Inventory Referencer 程序\Inventory Referencer 程序.vcxproj", "{E53FA817-58CD-4BA6-A7DA-6B980095D8FF}"
EndProject
Project("{8BC9CEB8-8B4A-11D0-8D11-00A0C91BC942}") = "人机对战游戏代码", "人机对战游戏代码\人机对战游戏代码.vcxproj", "{8CAC0F23-E889-4157-9D26-4880E81DA329}"
EndProject
Project("{8BC9CEB8-8B4A-11D0-8D11-00A0C91BC942}") = "顺序表", "线性表\线性表.vcxproj", "{7923AD65-7A59-4040-9FA2-8E2A30672466}"
EndProject
Project("{8BC9CEB8-8B4A-11D0-8D11-00A0C91BC942}") = "线性表1", "线性表1\线性表1.vcxproj", "{4F081298-DD2A-4C8B-83F4-37E3DAF1D517}"
EndProject
Project("{8BC9CEB8-8B4A-11D0-8D11-00A0C91BC942}") = "Pointing程序", "Pointing 程序\Pointing 程序.vcxproj", "{154DA928-259C-4964-A1D7-E95D16C96EFB}"
EndProject
Project("{8BC9CEB8-8B4A-11D0-8D11-00A0C91BC942}") = "指针作为函数参数", "指针作为函数参数\指针作为函数参数.vcxproj", "{FBA1F40F-7841-486D-B5BA-5EBCBB28F7B4}"
EndProject
Project("{8BC9CEB8-8B4A-11D0-8D11-00A0C91BC942}") = "指针函数", "指针函数\指针函数.vcxproj", "{D351F0DA-5C5F-422F-B743-9D26EC931EAC}"
EndProject
Project("{8BC9CEB8-8B4A-11D0-8D11-00A0C91BC942}") = "用地址法访问数组中的元素  程序", "Project1\Project1.vcxproj", "{F851C6BD-4E0F-4F8F-AFA3-6810627BF12E}"
EndProject
Project("{8BC9CEB8-8B4A-11D0-8D11-00A0C91BC942}") = "静态成员与静态成员函数", "静态成员与静态成员函数\静态成员与静态成员函数.vcxproj", "{C951522E-5789-485B-9A4E-A2C68EB9B4F5}"
EndProject
Project("{8BC9CEB8-8B4A-11D0-8D11-00A0C91BC942}") = "Critter Caretaker 程序", "Critter Caretaker 程序\Critter Caretaker 程序.vcxproj", "{12128A31-BF4C-4D69-8A70-E2AAF5B15822}"
EndProject
Project("{8BC9CEB8-8B4A-11D0-8D11-00A0C91BC942}") = "线性表的链式存储结构代码", "线性表的链式存储结构代码\线性表的链式存储结构代码.vcxproj", "{900160AA-5CBC-4026-B2ED-5F89CAB79DA0}"
EndProject
Project("{8BC9CEB8-8B4A-11D0-8D11-00A0C91BC942}") = "C语言 单链表的代码", "C语言 单链表的代码\C语言 单链表的代码.vcxproj", "{95FF51E4-87D0-4029-8028-9A345E1D3425}"
EndProject
Project("{8BC9CEB8-8B4A-11D0-8D11-00A0C91BC942}") = "Critter farm 程序 成员对象", "Critter farm 程序 成员对象\Critter farm 程序 成员对象.vcxproj", "{FCBDFD8C-5C82-4130-BB30-E29A5E59F596}"
EndProject
Project("{8BC9CEB8-8B4A-11D0-8D11-00A0C91BC942}") = "使用友元函数和运算符重载", "使用友元函数和运算符重载\使用友元函数和运算符重载.vcxproj", "{CEDC8832-8F0D-4E3E-949E-DCD2EF0314E9}"
EndProject
Project("{8BC9CEB8-8B4A-11D0-8D11-00A0C91BC942}") = "动态内存分配", "动态内存分配\动态内存分配.vcxproj", "{03C2A2C3-1FE8-4288-A388-95A91A2ACD05}"
EndProject
Project("{8BC9CEB8-8B4A-11D0-8D11-00A0C91BC942}") = "Heap Data Member 程序", "Heap Data Member 程序\Heap Data Member 程序.vcxproj", "{65838C78-8464-4724-BEA1-C5E3A9FA0016}"
EndProject
Project("{8BC9CEB8-8B4A-11D0-8D11-00A0C91BC942}") = "Game Lobby 队列程序", "Game Lobby 队列程序\Game Lobby 队列程序.vcxproj", "{786F33CA-4C0A-46CF-AB34-84DA8E4C8FB1}"
EndProject
Project("{8BC9CEB8-8B4A-11D0-8D11-00A0C91BC942}") = "顺序栈的实现代码", "顺序栈的实现代码\顺序栈的实现代码.vcxproj", "{C8B2DF9D-EE2C-414B-BC87-50468E333439}"
EndProject
Project("{8BC9CEB8-8B4A-11D0-8D11-00A0C91BC942}") = "改进后的顺序表", "改进后的顺序表\改进后的顺序表.vcxproj", "{AE3BE272-6EC9-40EA-A138-EDB739114EAF}"
EndProject
Project("{8BC9CEB8-8B4A-11D0-8D11-00A0C91BC942}") = "链栈的代码实现", "链栈的代码实现\链栈的代码实现.vcxproj", "{B9456A3F-A7CF-4C18-9D62-181125517560}"
EndProject
Project("{8BC9CEB8-8B4A-11D0-8D11-00A0C91BC942}") = "猜数游戏", "猜数游戏\猜数游戏.vcxproj", "{F9650F42-7243-4CA5-A60E-702E18D78AFA}"
EndProject
Project("{8BC9CEB8-8B4A-11D0-8D11-00A0C91BC942}") = "Word Jumble 程序", "Word Jumble 程序\Word Jumble 程序.vcxproj", "{0CD3786A-DCDD-4995-B88C-D25AF8ABA305}"
EndProject
Project("{8BC9CEB8-8B4A-11D0-8D11-00A0C91BC942}") = "Tic-Tac-Toe Board 简介", "Tic-Tac-Toe Board 简介\Tic-Tac-Toe Board 简介.vcxproj", "{AFBB5387-D8A3-462C-934F-580967876E50}"
EndProject
Project("{8BC9CEB8-8B4A-11D0-8D11-00A0C91BC942}") = "String Tester  程序", "String Tester  程序\String Tester  程序.vcxproj", "{AD0A5F95-8FBB-473C-954D-0D29B0CE87DD}"
EndProject
Project("{8BC9CEB8-8B4A-11D0-8D11-00A0C91BC942}") = "High Scores 程序", "High Scores 程序\High Scores 程序.vcxproj", "{5CB218ED-F00D-4AEB-89FA-227F48A18270}"
EndProject
Project("{8BC9CEB8-8B4A-11D0-8D11-00A0C91BC942}") = "Hero is Inventory 3.0 程序", "Hero is Inventory 3.0 程序\Hero is Inventory 3.0 程序.vcxproj", "{0518A4F6-07A5-4011-97A4-5DCAA0E40F9E}"
EndProject
Project("{8BC9CEB8-8B4A-11D0-8D11-00A0C91BC942}") = "Hero is Inventory 2.0 程序", "Hero is Inventory 2.0 程序\Hero is Inventory 2.0 程序.vcxproj", "{539990A0-8DB5-432A-BC03-54E278258853}"
EndProject
Project("{8BC9CEB8-8B4A-11D0-8D11-00A0C91BC942}") = "Hero is Inventory", "Hero is Inventory\Hero is Inventory.vcxproj", "{4B05D3E8-0B78-4D64-893B-B55EDDC777A3}"
EndProject
Project("{8BC9CEB8-8B4A-11D0-8D11-00A0C91BC942}") = "Hangman 程序", "Hangman 程序\Hangman 程序.vcxproj", "{6F712C15-A141-43B3-A7AD-8AC545BCB2E8}"
EndProject
Project("{8BC9CEB8-8B4A-11D0-8D11-00A0C91BC942}") = "Simple Boss  程序", "Simple Boss  程序\Simple Boss  程序.vcxproj", "{85DAE6C3-5059-47F1-AE5D-4493D27FAE84}"
EndProject
Project("{8BC9CEB8-8B4A-11D0-8D11-00A0C91BC942}") = "Overriding Boss 程序", "Overriding Boss 程序\Overriding Boss 程序.vcxproj", "{54A0A6E4-E3B6-4465-B7F5-2BDBCFBA71BE}"
EndProject
Project("{8BC9CEB8-8B4A-11D0-8D11-00A0C91BC942}") = "循环队列的代码实现", "循环队列的代码实现\循环队列的代码实现.vcxproj", "{EFDFB835-29C8-457B-B2E3-58B9EF254E81}"
EndProject
Project("{8BC9CEB8-8B4A-11D0-8D11-00A0C91BC942}") = "Polymorphic Bad Guy  程序", "Polymorphic Bad Guy  程序\Polymorphic Bad Guy  程序.vcxproj", "{883E5C97-1149-4C07-BCBF-95D469C37629}"
EndProject
Project("{8BC9CEB8-8B4A-11D0-8D11-00A0C91BC942}") = "Abstract Creature 抽象类程序", "Abstract Creature 抽象类程序\Abstract Creature 抽象类程序.vcxproj", "{13F66A72-C1C9-46A6-9738-B580D1A118D4}"
EndProject
Project("{8BC9CEB8-8B4A-11D0-8D11-00A0C91BC942}") = "队列的链式存储结构实现代码", "队列的链式存储结构实现代码\队列的链式存储结构实现代码.vcxproj", "{5F76C25C-D89D-4141-8A2F-580131C41972}"
EndProject
Project("{2150E333-8FDC-42A3-9474-1A3956D46DE8}") = "代码清单", "代码清单", "{12342845-533D-4214-BB68-CC4B91E671EB}"
EndProject
Project("{2150E333-8FDC-42A3-9474-1A3956D46DE8}") = "数据结构实现代码", "数据结构实现代码", "{B873E4DA-302F-453B-B5C3-3BB4B74FAFC7}"
EndProject
Project("{8BC9CEB8-8B4A-11D0-8D11-00A0C91BC942}") = "重写顺序表的实现代码", "重写顺序表的实现代码\重写顺序表的实现代码.vcxproj", "{3F1FDAF5-E1F0-4DCA-8312-1C6FD3ABF7D8}"
EndProject
Project("{8BC9CEB8-8B4A-11D0-8D11-00A0C91BC942}") = "临时题目代码", "临时题目代码\临时题目代码.vcxproj", "{C7DF2D2D-6EE4-45DC-9254-F3D4AD309AFF}"
EndProject
Project("{8BC9CEB8-8B4A-11D0-8D11-00A0C91BC942}") = "重新写单链表的实现代码", "重新写单链表的实现代码\重新写单链表的实现代码.vcxproj", "{8C889D8E-006D-40B5-9E55-C726C18459D6}"
EndProject
Project("{8BC9CEB8-8B4A-11D0-8D11-00A0C91BC942}") = "单向循环链表的代码实现", "单向循环链表的代码实现\单向循环链表的代码实现.vcxproj", "{C32A386A-B659-4EA3-8E74-0E6A7418FDC5}"
EndProject
Project("{8BC9CEB8-8B4A-11D0-8D11-00A0C91BC942}") = "算法", "算法\算法.vcxproj", "{9C2C0723-F06D-4949-8890-580B2CD878A2}"
EndProject
Global
	GlobalSection(SolutionConfigurationPlatforms) = preSolution
		Debug|x64 = Debug|x64
		Debug|x86 = Debug|x86
		Release|x64 = Release|x64
		Release|x86 = Release|x86
	EndGlobalSection
	GlobalSection(ProjectConfigurationPlatforms) = postSolution
		{69E46FD0-54C7-4F39-9B8D-EC2F45E3265F}.Debug|x64.ActiveCfg = Debug|x64
		{69E46FD0-54C7-4F39-9B8D-EC2F45E3265F}.Debug|x64.Build.0 = Debug|x64
		{69E46FD0-54C7-4F39-9B8D-EC2F45E3265F}.Debug|x86.ActiveCfg = Debug|Win32
		{69E46FD0-54C7-4F39-9B8D-EC2F45E3265F}.Debug|x86.Build.0 = Debug|Win32
		{69E46FD0-54C7-4F39-9B8D-EC2F45E3265F}.Release|x64.ActiveCfg = Release|x64
		{69E46FD0-54C7-4F39-9B8D-EC2F45E3265F}.Release|x64.Build.0 = Release|x64
		{69E46FD0-54C7-4F39-9B8D-EC2F45E3265F}.Release|x86.ActiveCfg = Release|Win32
		{69E46FD0-54C7-4F39-9B8D-EC2F45E3265F}.Release|x86.Build.0 = Release|Win32
		{05D6716F-A3DC-4E59-A0FE-218AC640BD04}.Debug|x64.ActiveCfg = Debug|x64
		{05D6716F-A3DC-4E59-A0FE-218AC640BD04}.Debug|x64.Build.0 = Debug|x64
		{05D6716F-A3DC-4E59-A0FE-218AC640BD04}.Debug|x86.ActiveCfg = Debug|Win32
		{05D6716F-A3DC-4E59-A0FE-218AC640BD04}.Debug|x86.Build.0 = Debug|Win32
		{05D6716F-A3DC-4E59-A0FE-218AC640BD04}.Release|x64.ActiveCfg = Release|x64
		{05D6716F-A3DC-4E59-A0FE-218AC640BD04}.Release|x64.Build.0 = Release|x64
		{05D6716F-A3DC-4E59-A0FE-218AC640BD04}.Release|x86.ActiveCfg = Release|Win32
		{05D6716F-A3DC-4E59-A0FE-218AC640BD04}.Release|x86.Build.0 = Release|Win32
		{E53FA817-58CD-4BA6-A7DA-6B980095D8FF}.Debug|x64.ActiveCfg = Debug|x64
		{E53FA817-58CD-4BA6-A7DA-6B980095D8FF}.Debug|x64.Build.0 = Debug|x64
		{E53FA817-58CD-4BA6-A7DA-6B980095D8FF}.Debug|x86.ActiveCfg = Debug|Win32
		{E53FA817-58CD-4BA6-A7DA-6B980095D8FF}.Debug|x86.Build.0 = Debug|Win32
		{E53FA817-58CD-4BA6-A7DA-6B980095D8FF}.Release|x64.ActiveCfg = Release|x64
		{E53FA817-58CD-4BA6-A7DA-6B980095D8FF}.Release|x64.Build.0 = Release|x64
		{E53FA817-58CD-4BA6-A7DA-6B980095D8FF}.Release|x86.ActiveCfg = Release|Win32
		{E53FA817-58CD-4BA6-A7DA-6B980095D8FF}.Release|x86.Build.0 = Release|Win32
		{8CAC0F23-E889-4157-9D26-4880E81DA329}.Debug|x64.ActiveCfg = Debug|x64
		{8CAC0F23-E889-4157-9D26-4880E81DA329}.Debug|x64.Build.0 = Debug|x64
		{8CAC0F23-E889-4157-9D26-4880E81DA329}.Debug|x86.ActiveCfg = Debug|Win32
		{8CAC0F23-E889-4157-9D26-4880E81DA329}.Debug|x86.Build.0 = Debug|Win32
		{8CAC0F23-E889-4157-9D26-4880E81DA329}.Release|x64.ActiveCfg = Release|x64
		{8CAC0F23-E889-4157-9D26-4880E81DA329}.Release|x64.Build.0 = Release|x64
		{8CAC0F23-E889-4157-9D26-4880E81DA329}.Release|x86.ActiveCfg = Release|Win32
		{8CAC0F23-E889-4157-9D26-4880E81DA329}.Release|x86.Build.0 = Release|Win32
		{7923AD65-7A59-4040-9FA2-8E2A30672466}.Debug|x64.ActiveCfg = Debug|x64
		{7923AD65-7A59-4040-9FA2-8E2A30672466}.Debug|x64.Build.0 = Debug|x64
		{7923AD65-7A59-4040-9FA2-8E2A30672466}.Debug|x86.ActiveCfg = Debug|Win32
		{7923AD65-7A59-4040-9FA2-8E2A30672466}.Debug|x86.Build.0 = Debug|Win32
		{7923AD65-7A59-4040-9FA2-8E2A30672466}.Release|x64.ActiveCfg = Release|x64
		{7923AD65-7A59-4040-9FA2-8E2A30672466}.Release|x64.Build.0 = Release|x64
		{7923AD65-7A59-4040-9FA2-8E2A30672466}.Release|x86.ActiveCfg = Release|Win32
		{7923AD65-7A59-4040-9FA2-8E2A30672466}.Release|x86.Build.0 = Release|Win32
		{4F081298-DD2A-4C8B-83F4-37E3DAF1D517}.Debug|x64.ActiveCfg = Debug|x64
		{4F081298-DD2A-4C8B-83F4-37E3DAF1D517}.Debug|x64.Build.0 = Debug|x64
		{4F081298-DD2A-4C8B-83F4-37E3DAF1D517}.Debug|x86.ActiveCfg = Debug|Win32
		{4F081298-DD2A-4C8B-83F4-37E3DAF1D517}.Debug|x86.Build.0 = Debug|Win32
		{4F081298-DD2A-4C8B-83F4-37E3DAF1D517}.Release|x64.ActiveCfg = Release|x64
		{4F081298-DD2A-4C8B-83F4-37E3DAF1D517}.Release|x64.Build.0 = Release|x64
		{4F081298-DD2A-4C8B-83F4-37E3DAF1D517}.Release|x86.ActiveCfg = Release|Win32
		{4F081298-DD2A-4C8B-83F4-37E3DAF1D517}.Release|x86.Build.0 = Release|Win32
		{154DA928-259C-4964-A1D7-E95D16C96EFB}.Debug|x64.ActiveCfg = Debug|x64
		{154DA928-259C-4964-A1D7-E95D16C96EFB}.Debug|x64.Build.0 = Debug|x64
		{154DA928-259C-4964-A1D7-E95D16C96EFB}.Debug|x86.ActiveCfg = Debug|Win32
		{154DA928-259C-4964-A1D7-E95D16C96EFB}.Debug|x86.Build.0 = Debug|Win32
		{154DA928-259C-4964-A1D7-E95D16C96EFB}.Release|x64.ActiveCfg = Release|x64
		{154DA928-259C-4964-A1D7-E95D16C96EFB}.Release|x64.Build.0 = Release|x64
		{154DA928-259C-4964-A1D7-E95D16C96EFB}.Release|x86.ActiveCfg = Release|Win32
		{154DA928-259C-4964-A1D7-E95D16C96EFB}.Release|x86.Build.0 = Release|Win32
		{FBA1F40F-7841-486D-B5BA-5EBCBB28F7B4}.Debug|x64.ActiveCfg = Debug|x64
		{FBA1F40F-7841-486D-B5BA-5EBCBB28F7B4}.Debug|x64.Build.0 = Debug|x64
		{FBA1F40F-7841-486D-B5BA-5EBCBB28F7B4}.Debug|x86.ActiveCfg = Debug|Win32
		{FBA1F40F-7841-486D-B5BA-5EBCBB28F7B4}.Debug|x86.Build.0 = Debug|Win32
		{FBA1F40F-7841-486D-B5BA-5EBCBB28F7B4}.Release|x64.ActiveCfg = Release|x64
		{FBA1F40F-7841-486D-B5BA-5EBCBB28F7B4}.Release|x64.Build.0 = Release|x64
		{FBA1F40F-7841-486D-B5BA-5EBCBB28F7B4}.Release|x86.ActiveCfg = Release|Win32
		{FBA1F40F-7841-486D-B5BA-5EBCBB28F7B4}.Release|x86.Build.0 = Release|Win32
		{D351F0DA-5C5F-422F-B743-9D26EC931EAC}.Debug|x64.ActiveCfg = Debug|x64
		{D351F0DA-5C5F-422F-B743-9D26EC931EAC}.Debug|x64.Build.0 = Debug|x64
		{D351F0DA-5C5F-422F-B743-9D26EC931EAC}.Debug|x86.ActiveCfg = Debug|Win32
		{D351F0DA-5C5F-422F-B743-9D26EC931EAC}.Debug|x86.Build.0 = Debug|Win32
		{D351F0DA-5C5F-422F-B743-9D26EC931EAC}.Release|x64.ActiveCfg = Release|x64
		{D351F0DA-5C5F-422F-B743-9D26EC931EAC}.Release|x64.Build.0 = Release|x64
		{D351F0DA-5C5F-422F-B743-9D26EC931EAC}.Release|x86.ActiveCfg = Release|Win32
		{D351F0DA-5C5F-422F-B743-9D26EC931EAC}.Release|x86.Build.0 = Release|Win32
		{F851C6BD-4E0F-4F8F-AFA3-6810627BF12E}.Debug|x64.ActiveCfg = Debug|x64
		{F851C6BD-4E0F-4F8F-AFA3-6810627BF12E}.Debug|x64.Build.0 = Debug|x64
		{F851C6BD-4E0F-4F8F-AFA3-6810627BF12E}.Debug|x86.ActiveCfg = Debug|Win32
		{F851C6BD-4E0F-4F8F-AFA3-6810627BF12E}.Debug|x86.Build.0 = Debug|Win32
		{F851C6BD-4E0F-4F8F-AFA3-6810627BF12E}.Release|x64.ActiveCfg = Release|x64
		{F851C6BD-4E0F-4F8F-AFA3-6810627BF12E}.Release|x64.Build.0 = Release|x64
		{F851C6BD-4E0F-4F8F-AFA3-6810627BF12E}.Release|x86.ActiveCfg = Release|Win32
		{F851C6BD-4E0F-4F8F-AFA3-6810627BF12E}.Release|x86.Build.0 = Release|Win32
		{C951522E-5789-485B-9A4E-A2C68EB9B4F5}.Debug|x64.ActiveCfg = Debug|x64
		{C951522E-5789-485B-9A4E-A2C68EB9B4F5}.Debug|x64.Build.0 = Debug|x64
		{C951522E-5789-485B-9A4E-A2C68EB9B4F5}.Debug|x86.ActiveCfg = Debug|Win32
		{C951522E-5789-485B-9A4E-A2C68EB9B4F5}.Debug|x86.Build.0 = Debug|Win32
		{C951522E-5789-485B-9A4E-A2C68EB9B4F5}.Release|x64.ActiveCfg = Release|x64
		{C951522E-5789-485B-9A4E-A2C68EB9B4F5}.Release|x64.Build.0 = Release|x64
		{C951522E-5789-485B-9A4E-A2C68EB9B4F5}.Release|x86.ActiveCfg = Release|Win32
		{C951522E-5789-485B-9A4E-A2C68EB9B4F5}.Release|x86.Build.0 = Release|Win32
		{12128A31-BF4C-4D69-8A70-E2AAF5B15822}.Debug|x64.ActiveCfg = Debug|x64
		{12128A31-BF4C-4D69-8A70-E2AAF5B15822}.Debug|x64.Build.0 = Debug|x64
		{12128A31-BF4C-4D69-8A70-E2AAF5B15822}.Debug|x86.ActiveCfg = Debug|Win32
		{12128A31-BF4C-4D69-8A70-E2AAF5B15822}.Debug|x86.Build.0 = Debug|Win32
		{12128A31-BF4C-4D69-8A70-E2AAF5B15822}.Release|x64.ActiveCfg = Release|x64
		{12128A31-BF4C-4D69-8A70-E2AAF5B15822}.Release|x64.Build.0 = Release|x64
		{12128A31-BF4C-4D69-8A70-E2AAF5B15822}.Release|x86.ActiveCfg = Release|Win32
		{12128A31-BF4C-4D69-8A70-E2AAF5B15822}.Release|x86.Build.0 = Release|Win32
		{900160AA-5CBC-4026-B2ED-5F89CAB79DA0}.Debug|x64.ActiveCfg = Debug|x64
		{900160AA-5CBC-4026-B2ED-5F89CAB79DA0}.Debug|x64.Build.0 = Debug|x64
		{900160AA-5CBC-4026-B2ED-5F89CAB79DA0}.Debug|x86.ActiveCfg = Debug|Win32
		{900160AA-5CBC-4026-B2ED-5F89CAB79DA0}.Debug|x86.Build.0 = Debug|Win32
		{900160AA-5CBC-4026-B2ED-5F89CAB79DA0}.Release|x64.ActiveCfg = Release|x64
		{900160AA-5CBC-4026-B2ED-5F89CAB79DA0}.Release|x64.Build.0 = Release|x64
		{900160AA-5CBC-4026-B2ED-5F89CAB79DA0}.Release|x86.ActiveCfg = Release|Win32
		{900160AA-5CBC-4026-B2ED-5F89CAB79DA0}.Release|x86.Build.0 = Release|Win32
		{95FF51E4-87D0-4029-8028-9A345E1D3425}.Debug|x64.ActiveCfg = Debug|x64
		{95FF51E4-87D0-4029-8028-9A345E1D3425}.Debug|x64.Build.0 = Debug|x64
		{95FF51E4-87D0-4029-8028-9A345E1D3425}.Debug|x86.ActiveCfg = Debug|Win32
		{95FF51E4-87D0-4029-8028-9A345E1D3425}.Debug|x86.Build.0 = Debug|Win32
		{95FF51E4-87D0-4029-8028-9A345E1D3425}.Release|x64.ActiveCfg = Release|x64
		{95FF51E4-87D0-4029-8028-9A345E1D3425}.Release|x64.Build.0 = Release|x64
		{95FF51E4-87D0-4029-8028-9A345E1D3425}.Release|x86.ActiveCfg = Release|Win32
		{95FF51E4-87D0-4029-8028-9A345E1D3425}.Release|x86.Build.0 = Release|Win32
		{FCBDFD8C-5C82-4130-BB30-E29A5E59F596}.Debug|x64.ActiveCfg = Debug|x64
		{FCBDFD8C-5C82-4130-BB30-E29A5E59F596}.Debug|x64.Build.0 = Debug|x64
		{FCBDFD8C-5C82-4130-BB30-E29A5E59F596}.Debug|x86.ActiveCfg = Debug|Win32
		{FCBDFD8C-5C82-4130-BB30-E29A5E59F596}.Debug|x86.Build.0 = Debug|Win32
		{FCBDFD8C-5C82-4130-BB30-E29A5E59F596}.Release|x64.ActiveCfg = Release|x64
		{FCBDFD8C-5C82-4130-BB30-E29A5E59F596}.Release|x64.Build.0 = Release|x64
		{FCBDFD8C-5C82-4130-BB30-E29A5E59F596}.Release|x86.ActiveCfg = Release|Win32
		{FCBDFD8C-5C82-4130-BB30-E29A5E59F596}.Release|x86.Build.0 = Release|Win32
		{CEDC8832-8F0D-4E3E-949E-DCD2EF0314E9}.Debug|x64.ActiveCfg = Debug|x64
		{CEDC8832-8F0D-4E3E-949E-DCD2EF0314E9}.Debug|x64.Build.0 = Debug|x64
		{CEDC8832-8F0D-4E3E-949E-DCD2EF0314E9}.Debug|x86.ActiveCfg = Debug|Win32
		{CEDC8832-8F0D-4E3E-949E-DCD2EF0314E9}.Debug|x86.Build.0 = Debug|Win32
		{CEDC8832-8F0D-4E3E-949E-DCD2EF0314E9}.Release|x64.ActiveCfg = Release|x64
		{CEDC8832-8F0D-4E3E-949E-DCD2EF0314E9}.Release|x64.Build.0 = Release|x64
		{CEDC8832-8F0D-4E3E-949E-DCD2EF0314E9}.Release|x86.ActiveCfg = Release|Win32
		{CEDC8832-8F0D-4E3E-949E-DCD2EF0314E9}.Release|x86.Build.0 = Release|Win32
		{03C2A2C3-1FE8-4288-A388-95A91A2ACD05}.Debug|x64.ActiveCfg = Debug|x64
		{03C2A2C3-1FE8-4288-A388-95A91A2ACD05}.Debug|x64.Build.0 = Debug|x64
		{03C2A2C3-1FE8-4288-A388-95A91A2ACD05}.Debug|x86.ActiveCfg = Debug|Win32
		{03C2A2C3-1FE8-4288-A388-95A91A2ACD05}.Debug|x86.Build.0 = Debug|Win32
		{03C2A2C3-1FE8-4288-A388-95A91A2ACD05}.Release|x64.ActiveCfg = Release|x64
		{03C2A2C3-1FE8-4288-A388-95A91A2ACD05}.Release|x64.Build.0 = Release|x64
		{03C2A2C3-1FE8-4288-A388-95A91A2ACD05}.Release|x86.ActiveCfg = Release|Win32
		{03C2A2C3-1FE8-4288-A388-95A91A2ACD05}.Release|x86.Build.0 = Release|Win32
		{65838C78-8464-4724-BEA1-C5E3A9FA0016}.Debug|x64.ActiveCfg = Debug|x64
		{65838C78-8464-4724-BEA1-C5E3A9FA0016}.Debug|x64.Build.0 = Debug|x64
		{65838C78-8464-4724-BEA1-C5E3A9FA0016}.Debug|x86.ActiveCfg = Debug|Win32
		{65838C78-8464-4724-BEA1-C5E3A9FA0016}.Debug|x86.Build.0 = Debug|Win32
		{65838C78-8464-4724-BEA1-C5E3A9FA0016}.Release|x64.ActiveCfg = Release|x64
		{65838C78-8464-4724-BEA1-C5E3A9FA0016}.Release|x64.Build.0 = Release|x64
		{65838C78-8464-4724-BEA1-C5E3A9FA0016}.Release|x86.ActiveCfg = Release|Win32
		{65838C78-8464-4724-BEA1-C5E3A9FA0016}.Release|x86.Build.0 = Release|Win32
		{786F33CA-4C0A-46CF-AB34-84DA8E4C8FB1}.Debug|x64.ActiveCfg = Debug|x64
		{786F33CA-4C0A-46CF-AB34-84DA8E4C8FB1}.Debug|x64.Build.0 = Debug|x64
		{786F33CA-4C0A-46CF-AB34-84DA8E4C8FB1}.Debug|x86.ActiveCfg = Debug|Win32
		{786F33CA-4C0A-46CF-AB34-84DA8E4C8FB1}.Debug|x86.Build.0 = Debug|Win32
		{786F33CA-4C0A-46CF-AB34-84DA8E4C8FB1}.Release|x64.ActiveCfg = Release|x64
		{786F33CA-4C0A-46CF-AB34-84DA8E4C8FB1}.Release|x64.Build.0 = Release|x64
		{786F33CA-4C0A-46CF-AB34-84DA8E4C8FB1}.Release|x86.ActiveCfg = Release|Win32
		{786F33CA-4C0A-46CF-AB34-84DA8E4C8FB1}.Release|x86.Build.0 = Release|Win32
		{C8B2DF9D-EE2C-414B-BC87-50468E333439}.Debug|x64.ActiveCfg = Debug|x64
		{C8B2DF9D-EE2C-414B-BC87-50468E333439}.Debug|x64.Build.0 = Debug|x64
		{C8B2DF9D-EE2C-414B-BC87-50468E333439}.Debug|x86.ActiveCfg = Debug|Win32
		{C8B2DF9D-EE2C-414B-BC87-50468E333439}.Debug|x86.Build.0 = Debug|Win32
		{C8B2DF9D-EE2C-414B-BC87-50468E333439}.Release|x64.ActiveCfg = Release|x64
		{C8B2DF9D-EE2C-414B-BC87-50468E333439}.Release|x64.Build.0 = Release|x64
		{C8B2DF9D-EE2C-414B-BC87-50468E333439}.Release|x86.ActiveCfg = Release|Win32
		{C8B2DF9D-EE2C-414B-BC87-50468E333439}.Release|x86.Build.0 = Release|Win32
		{AE3BE272-6EC9-40EA-A138-EDB739114EAF}.Debug|x64.ActiveCfg = Debug|x64
		{AE3BE272-6EC9-40EA-A138-EDB739114EAF}.Debug|x64.Build.0 = Debug|x64
		{AE3BE272-6EC9-40EA-A138-EDB739114EAF}.Debug|x86.ActiveCfg = Debug|Win32
		{AE3BE272-6EC9-40EA-A138-EDB739114EAF}.Debug|x86.Build.0 = Debug|Win32
		{AE3BE272-6EC9-40EA-A138-EDB739114EAF}.Release|x64.ActiveCfg = Release|x64
		{AE3BE272-6EC9-40EA-A138-EDB739114EAF}.Release|x64.Build.0 = Release|x64
		{AE3BE272-6EC9-40EA-A138-EDB739114EAF}.Release|x86.ActiveCfg = Release|Win32
		{AE3BE272-6EC9-40EA-A138-EDB739114EAF}.Release|x86.Build.0 = Release|Win32
		{B9456A3F-A7CF-4C18-9D62-181125517560}.Debug|x64.ActiveCfg = Debug|x64
		{B9456A3F-A7CF-4C18-9D62-181125517560}.Debug|x64.Build.0 = Debug|x64
		{B9456A3F-A7CF-4C18-9D62-181125517560}.Debug|x86.ActiveCfg = Debug|Win32
		{B9456A3F-A7CF-4C18-9D62-181125517560}.Debug|x86.Build.0 = Debug|Win32
		{B9456A3F-A7CF-4C18-9D62-181125517560}.Release|x64.ActiveCfg = Release|x64
		{B9456A3F-A7CF-4C18-9D62-181125517560}.Release|x64.Build.0 = Release|x64
		{B9456A3F-A7CF-4C18-9D62-181125517560}.Release|x86.ActiveCfg = Release|Win32
		{B9456A3F-A7CF-4C18-9D62-181125517560}.Release|x86.Build.0 = Release|Win32
		{F9650F42-7243-4CA5-A60E-702E18D78AFA}.Debug|x64.ActiveCfg = Debug|x64
		{F9650F42-7243-4CA5-A60E-702E18D78AFA}.Debug|x64.Build.0 = Debug|x64
		{F9650F42-7243-4CA5-A60E-702E18D78AFA}.Debug|x86.ActiveCfg = Debug|Win32
		{F9650F42-7243-4CA5-A60E-702E18D78AFA}.Debug|x86.Build.0 = Debug|Win32
		{F9650F42-7243-4CA5-A60E-702E18D78AFA}.Release|x64.ActiveCfg = Release|x64
		{F9650F42-7243-4CA5-A60E-702E18D78AFA}.Release|x64.Build.0 = Release|x64
		{F9650F42-7243-4CA5-A60E-702E18D78AFA}.Release|x86.ActiveCfg = Release|Win32
		{F9650F42-7243-4CA5-A60E-702E18D78AFA}.Release|x86.Build.0 = Release|Win32
		{0CD3786A-DCDD-4995-B88C-D25AF8ABA305}.Debug|x64.ActiveCfg = Debug|x64
		{0CD3786A-DCDD-4995-B88C-D25AF8ABA305}.Debug|x64.Build.0 = Debug|x64
		{0CD3786A-DCDD-4995-B88C-D25AF8ABA305}.Debug|x86.ActiveCfg = Debug|Win32
		{0CD3786A-DCDD-4995-B88C-D25AF8ABA305}.Debug|x86.Build.0 = Debug|Win32
		{0CD3786A-DCDD-4995-B88C-D25AF8ABA305}.Release|x64.ActiveCfg = Release|x64
		{0CD3786A-DCDD-4995-B88C-D25AF8ABA305}.Release|x64.Build.0 = Release|x64
		{0CD3786A-DCDD-4995-B88C-D25AF8ABA305}.Release|x86.ActiveCfg = Release|Win32
		{0CD3786A-DCDD-4995-B88C-D25AF8ABA305}.Release|x86.Build.0 = Release|Win32
		{AFBB5387-D8A3-462C-934F-580967876E50}.Debug|x64.ActiveCfg = Debug|x64
		{AFBB5387-D8A3-462C-934F-580967876E50}.Debug|x64.Build.0 = Debug|x64
		{AFBB5387-D8A3-462C-934F-580967876E50}.Debug|x86.ActiveCfg = Debug|Win32
		{AFBB5387-D8A3-462C-934F-580967876E50}.Debug|x86.Build.0 = Debug|Win32
		{AFBB5387-D8A3-462C-934F-580967876E50}.Release|x64.ActiveCfg = Release|x64
		{AFBB5387-D8A3-462C-934F-580967876E50}.Release|x64.Build.0 = Release|x64
		{AFBB5387-D8A3-462C-934F-580967876E50}.Release|x86.ActiveCfg = Release|Win32
		{AFBB5387-D8A3-462C-934F-580967876E50}.Release|x86.Build.0 = Release|Win32
		{AD0A5F95-8FBB-473C-954D-0D29B0CE87DD}.Debug|x64.ActiveCfg = Debug|x64
		{AD0A5F95-8FBB-473C-954D-0D29B0CE87DD}.Debug|x64.Build.0 = Debug|x64
		{AD0A5F95-8FBB-473C-954D-0D29B0CE87DD}.Debug|x86.ActiveCfg = Debug|Win32
		{AD0A5F95-8FBB-473C-954D-0D29B0CE87DD}.Debug|x86.Build.0 = Debug|Win32
		{AD0A5F95-8FBB-473C-954D-0D29B0CE87DD}.Release|x64.ActiveCfg = Release|x64
		{AD0A5F95-8FBB-473C-954D-0D29B0CE87DD}.Release|x64.Build.0 = Release|x64
		{AD0A5F95-8FBB-473C-954D-0D29B0CE87DD}.Release|x86.ActiveCfg = Release|Win32
		{AD0A5F95-8FBB-473C-954D-0D29B0CE87DD}.Release|x86.Build.0 = Release|Win32
		{5CB218ED-F00D-4AEB-89FA-227F48A18270}.Debug|x64.ActiveCfg = Debug|x64
		{5CB218ED-F00D-4AEB-89FA-227F48A18270}.Debug|x64.Build.0 = Debug|x64
		{5CB218ED-F00D-4AEB-89FA-227F48A18270}.Debug|x86.ActiveCfg = Debug|Win32
		{5CB218ED-F00D-4AEB-89FA-227F48A18270}.Debug|x86.Build.0 = Debug|Win32
		{5CB218ED-F00D-4AEB-89FA-227F48A18270}.Release|x64.ActiveCfg = Release|x64
		{5CB218ED-F00D-4AEB-89FA-227F48A18270}.Release|x64.Build.0 = Release|x64
		{5CB218ED-F00D-4AEB-89FA-227F48A18270}.Release|x86.ActiveCfg = Release|Win32
		{5CB218ED-F00D-4AEB-89FA-227F48A18270}.Release|x86.Build.0 = Release|Win32
		{0518A4F6-07A5-4011-97A4-5DCAA0E40F9E}.Debug|x64.ActiveCfg = Debug|x64
		{0518A4F6-07A5-4011-97A4-5DCAA0E40F9E}.Debug|x64.Build.0 = Debug|x64
		{0518A4F6-07A5-4011-97A4-5DCAA0E40F9E}.Debug|x86.ActiveCfg = Debug|Win32
		{0518A4F6-07A5-4011-97A4-5DCAA0E40F9E}.Debug|x86.Build.0 = Debug|Win32
		{0518A4F6-07A5-4011-97A4-5DCAA0E40F9E}.Release|x64.ActiveCfg = Release|x64
		{0518A4F6-07A5-4011-97A4-5DCAA0E40F9E}.Release|x64.Build.0 = Release|x64
		{0518A4F6-07A5-4011-97A4-5DCAA0E40F9E}.Release|x86.ActiveCfg = Release|Win32
		{0518A4F6-07A5-4011-97A4-5DCAA0E40F9E}.Release|x86.Build.0 = Release|Win32
		{539990A0-8DB5-432A-BC03-54E278258853}.Debug|x64.ActiveCfg = Debug|x64
		{539990A0-8DB5-432A-BC03-54E278258853}.Debug|x64.Build.0 = Debug|x64
		{539990A0-8DB5-432A-BC03-54E278258853}.Debug|x86.ActiveCfg = Debug|Win32
		{539990A0-8DB5-432A-BC03-54E278258853}.Debug|x86.Build.0 = Debug|Win32
		{539990A0-8DB5-432A-BC03-54E278258853}.Release|x64.ActiveCfg = Release|x64
		{539990A0-8DB5-432A-BC03-54E278258853}.Release|x64.Build.0 = Release|x64
		{539990A0-8DB5-432A-BC03-54E278258853}.Release|x86.ActiveCfg = Release|Win32
		{539990A0-8DB5-432A-BC03-54E278258853}.Release|x86.Build.0 = Release|Win32
		{4B05D3E8-0B78-4D64-893B-B55EDDC777A3}.Debug|x64.ActiveCfg = Debug|x64
		{4B05D3E8-0B78-4D64-893B-B55EDDC777A3}.Debug|x64.Build.0 = Debug|x64
		{4B05D3E8-0B78-4D64-893B-B55EDDC777A3}.Debug|x86.ActiveCfg = Debug|Win32
		{4B05D3E8-0B78-4D64-893B-B55EDDC777A3}.Debug|x86.Build.0 = Debug|Win32
		{4B05D3E8-0B78-4D64-893B-B55EDDC777A3}.Release|x64.ActiveCfg = Release|x64
		{4B05D3E8-0B78-4D64-893B-B55EDDC777A3}.Release|x64.Build.0 = Release|x64
		{4B05D3E8-0B78-4D64-893B-B55EDDC777A3}.Release|x86.ActiveCfg = Release|Win32
		{4B05D3E8-0B78-4D64-893B-B55EDDC777A3}.Release|x86.Build.0 = Release|Win32
		{6F712C15-A141-43B3-A7AD-8AC545BCB2E8}.Debug|x64.ActiveCfg = Debug|x64
		{6F712C15-A141-43B3-A7AD-8AC545BCB2E8}.Debug|x64.Build.0 = Debug|x64
		{6F712C15-A141-43B3-A7AD-8AC545BCB2E8}.Debug|x86.ActiveCfg = Debug|Win32
		{6F712C15-A141-43B3-A7AD-8AC545BCB2E8}.Debug|x86.Build.0 = Debug|Win32
		{6F712C15-A141-43B3-A7AD-8AC545BCB2E8}.Release|x64.ActiveCfg = Release|x64
		{6F712C15-A141-43B3-A7AD-8AC545BCB2E8}.Release|x64.Build.0 = Release|x64
		{6F712C15-A141-43B3-A7AD-8AC545BCB2E8}.Release|x86.ActiveCfg = Release|Win32
		{6F712C15-A141-43B3-A7AD-8AC545BCB2E8}.Release|x86.Build.0 = Release|Win32
		{85DAE6C3-5059-47F1-AE5D-4493D27FAE84}.Debug|x64.ActiveCfg = Debug|x64
		{85DAE6C3-5059-47F1-AE5D-4493D27FAE84}.Debug|x64.Build.0 = Debug|x64
		{85DAE6C3-5059-47F1-AE5D-4493D27FAE84}.Debug|x86.ActiveCfg = Debug|Win32
		{85DAE6C3-5059-47F1-AE5D-4493D27FAE84}.Debug|x86.Build.0 = Debug|Win32
		{85DAE6C3-5059-47F1-AE5D-4493D27FAE84}.Release|x64.ActiveCfg = Release|x64
		{85DAE6C3-5059-47F1-AE5D-4493D27FAE84}.Release|x64.Build.0 = Release|x64
		{85DAE6C3-5059-47F1-AE5D-4493D27FAE84}.Release|x86.ActiveCfg = Release|Win32
		{85DAE6C3-5059-47F1-AE5D-4493D27FAE84}.Release|x86.Build.0 = Release|Win32
		{54A0A6E4-E3B6-4465-B7F5-2BDBCFBA71BE}.Debug|x64.ActiveCfg = Debug|x64
		{54A0A6E4-E3B6-4465-B7F5-2BDBCFBA71BE}.Debug|x64.Build.0 = Debug|x64
		{54A0A6E4-E3B6-4465-B7F5-2BDBCFBA71BE}.Debug|x86.ActiveCfg = Debug|Win32
		{54A0A6E4-E3B6-4465-B7F5-2BDBCFBA71BE}.Debug|x86.Build.0 = Debug|Win32
		{54A0A6E4-E3B6-4465-B7F5-2BDBCFBA71BE}.Release|x64.ActiveCfg = Release|x64
		{54A0A6E4-E3B6-4465-B7F5-2BDBCFBA71BE}.Release|x64.Build.0 = Release|x64
		{54A0A6E4-E3B6-4465-B7F5-2BDBCFBA71BE}.Release|x86.ActiveCfg = Release|Win32
		{54A0A6E4-E3B6-4465-B7F5-2BDBCFBA71BE}.Release|x86.Build.0 = Release|Win32
		{EFDFB835-29C8-457B-B2E3-58B9EF254E81}.Debug|x64.ActiveCfg = Debug|x64
		{EFDFB835-29C8-457B-B2E3-58B9EF254E81}.Debug|x64.Build.0 = Debug|x64
		{EFDFB835-29C8-457B-B2E3-58B9EF254E81}.Debug|x86.ActiveCfg = Debug|Win32
		{EFDFB835-29C8-457B-B2E3-58B9EF254E81}.Debug|x86.Build.0 = Debug|Win32
		{EFDFB835-29C8-457B-B2E3-58B9EF254E81}.Release|x64.ActiveCfg = Release|x64
		{EFDFB835-29C8-457B-B2E3-58B9EF254E81}.Release|x64.Build.0 = Release|x64
		{EFDFB835-29C8-457B-B2E3-58B9EF254E81}.Release|x86.ActiveCfg = Release|Win32
		{EFDFB835-29C8-457B-B2E3-58B9EF254E81}.Release|x86.Build.0 = Release|Win32
		{883E5C97-1149-4C07-BCBF-95D469C37629}.Debug|x64.ActiveCfg = Debug|x64
		{883E5C97-1149-4C07-BCBF-95D469C37629}.Debug|x64.Build.0 = Debug|x64
		{883E5C97-1149-4C07-BCBF-95D469C37629}.Debug|x86.ActiveCfg = Debug|Win32
		{883E5C97-1149-4C07-BCBF-95D469C37629}.Debug|x86.Build.0 = Debug|Win32
		{883E5C97-1149-4C07-BCBF-95D469C37629}.Release|x64.ActiveCfg = Release|x64
		{883E5C97-1149-4C07-BCBF-95D469C37629}.Release|x64.Build.0 = Release|x64
		{883E5C97-1149-4C07-BCBF-95D469C37629}.Release|x86.ActiveCfg = Release|Win32
		{883E5C97-1149-4C07-BCBF-95D469C37629}.Release|x86.Build.0 = Release|Win32
		{13F66A72-C1C9-46A6-9738-B580D1A118D4}.Debug|x64.ActiveCfg = Debug|x64
		{13F66A72-C1C9-46A6-9738-B580D1A118D4}.Debug|x64.Build.0 = Debug|x64
		{13F66A72-C1C9-46A6-9738-B580D1A118D4}.Debug|x86.ActiveCfg = Debug|Win32
		{13F66A72-C1C9-46A6-9738-B580D1A118D4}.Debug|x86.Build.0 = Debug|Win32
		{13F66A72-C1C9-46A6-9738-B580D1A118D4}.Release|x64.ActiveCfg = Release|x64
		{13F66A72-C1C9-46A6-9738-B580D1A118D4}.Release|x64.Build.0 = Release|x64
		{13F66A72-C1C9-46A6-9738-B580D1A118D4}.Release|x86.ActiveCfg = Release|Win32
		{13F66A72-C1C9-46A6-9738-B580D1A118D4}.Release|x86.Build.0 = Release|Win32
		{5F76C25C-D89D-4141-8A2F-580131C41972}.Debug|x64.ActiveCfg = Debug|x64
		{5F76C25C-D89D-4141-8A2F-580131C41972}.Debug|x64.Build.0 = Debug|x64
		{5F76C25C-D89D-4141-8A2F-580131C41972}.Debug|x86.ActiveCfg = Debug|Win32
		{5F76C25C-D89D-4141-8A2F-580131C41972}.Debug|x86.Build.0 = Debug|Win32
		{5F76C25C-D89D-4141-8A2F-580131C41972}.Release|x64.ActiveCfg = Release|x64
		{5F76C25C-D89D-4141-8A2F-580131C41972}.Release|x64.Build.0 = Release|x64
		{5F76C25C-D89D-4141-8A2F-580131C41972}.Release|x86.ActiveCfg = Release|Win32
		{5F76C25C-D89D-4141-8A2F-580131C41972}.Release|x86.Build.0 = Release|Win32
		{3F1FDAF5-E1F0-4DCA-8312-1C6FD3ABF7D8}.Debug|x64.ActiveCfg = Debug|x64
		{3F1FDAF5-E1F0-4DCA-8312-1C6FD3ABF7D8}.Debug|x64.Build.0 = Debug|x64
		{3F1FDAF5-E1F0-4DCA-8312-1C6FD3ABF7D8}.Debug|x86.ActiveCfg = Debug|Win32
		{3F1FDAF5-E1F0-4DCA-8312-1C6FD3ABF7D8}.Debug|x86.Build.0 = Debug|Win32
		{3F1FDAF5-E1F0-4DCA-8312-1C6FD3ABF7D8}.Release|x64.ActiveCfg = Release|x64
		{3F1FDAF5-E1F0-4DCA-8312-1C6FD3ABF7D8}.Release|x64.Build.0 = Release|x64
		{3F1FDAF5-E1F0-4DCA-8312-1C6FD3ABF7D8}.Release|x86.ActiveCfg = Release|Win32
		{3F1FDAF5-E1F0-4DCA-8312-1C6FD3ABF7D8}.Release|x86.Build.0 = Release|Win32
		{C7DF2D2D-6EE4-45DC-9254-F3D4AD309AFF}.Debug|x64.ActiveCfg = Debug|x64
		{C7DF2D2D-6EE4-45DC-9254-F3D4AD309AFF}.Debug|x64.Build.0 = Debug|x64
		{C7DF2D2D-6EE4-45DC-9254-F3D4AD309AFF}.Debug|x86.ActiveCfg = Debug|Win32
		{C7DF2D2D-6EE4-45DC-9254-F3D4AD309AFF}.Debug|x86.Build.0 = Debug|Win32
		{C7DF2D2D-6EE4-45DC-9254-F3D4AD309AFF}.Release|x64.ActiveCfg = Release|x64
		{C7DF2D2D-6EE4-45DC-9254-F3D4AD309AFF}.Release|x64.Build.0 = Release|x64
		{C7DF2D2D-6EE4-45DC-9254-F3D4AD309AFF}.Release|x86.ActiveCfg = Release|Win32
		{C7DF2D2D-6EE4-45DC-9254-F3D4AD309AFF}.Release|x86.Build.0 = Release|Win32
		{8C889D8E-006D-40B5-9E55-C726C18459D6}.Debug|x64.ActiveCfg = Debug|x64
		{8C889D8E-006D-40B5-9E55-C726C18459D6}.Debug|x64.Build.0 = Debug|x64
		{8C889D8E-006D-40B5-9E55-C726C18459D6}.Debug|x86.ActiveCfg = Debug|Win32
		{8C889D8E-006D-40B5-9E55-C726C18459D6}.Debug|x86.Build.0 = Debug|Win32
		{8C889D8E-006D-40B5-9E55-C726C18459D6}.Release|x64.ActiveCfg = Release|x64
		{8C889D8E-006D-40B5-9E55-C726C18459D6}.Release|x64.Build.0 = Release|x64
		{8C889D8E-006D-40B5-9E55-C726C18459D6}.Release|x86.ActiveCfg = Release|Win32
		{8C889D8E-006D-40B5-9E55-C726C18459D6}.Release|x86.Build.0 = Release|Win32
		{C32A386A-B659-4EA3-8E74-0E6A7418FDC5}.Debug|x64.ActiveCfg = Debug|x64
		{C32A386A-B659-4EA3-8E74-0E6A7418FDC5}.Debug|x64.Build.0 = Debug|x64
		{C32A386A-B659-4EA3-8E74-0E6A7418FDC5}.Debug|x86.ActiveCfg = Debug|Win32
		{C32A386A-B659-4EA3-8E74-0E6A7418FDC5}.Debug|x86.Build.0 = Debug|Win32
		{C32A386A-B659-4EA3-8E74-0E6A7418FDC5}.Release|x64.ActiveCfg = Release|x64
		{C32A386A-B659-4EA3-8E74-0E6A7418FDC5}.Release|x64.Build.0 = Release|x64
		{C32A386A-B659-4EA3-8E74-0E6A7418FDC5}.Release|x86.ActiveCfg = Release|Win32
		{C32A386A-B659-4EA3-8E74-0E6A7418FDC5}.Release|x86.Build.0 = Release|Win32
		{9C2C0723-F06D-4949-8890-580B2CD878A2}.Debug|x64.ActiveCfg = Debug|x64
		{9C2C0723-F06D-4949-8890-580B2CD878A2}.Debug|x64.Build.0 = Debug|x64
		{9C2C0723-F06D-4949-8890-580B2CD878A2}.Debug|x86.ActiveCfg = Debug|Win32
		{9C2C0723-F06D-4949-8890-580B2CD878A2}.Debug|x86.Build.0 = Debug|Win32
		{9C2C0723-F06D-4949-8890-580B2CD878A2}.Release|x64.ActiveCfg = Release|x64
		{9C2C0723-F06D-4949-8890-580B2CD878A2}.Release|x64.Build.0 = Release|x64
		{9C2C0723-F06D-4949-8890-580B2CD878A2}.Release|x86.ActiveCfg = Release|Win32
		{9C2C0723-F06D-4949-8890-580B2CD878A2}.Release|x86.Build.0 = Release|Win32
	EndGlobalSection
	GlobalSection(SolutionProperties) = preSolution
		HideSolutionNode = FALSE
	EndGlobalSection
	GlobalSection(NestedProjects) = preSolution
		{69E46FD0-54C7-4F39-9B8D-EC2F45E3265F} = {12342845-533D-4214-BB68-CC4B91E671EB}
		{05D6716F-A3DC-4E59-A0FE-218AC640BD04} = {12342845-533D-4214-BB68-CC4B91E671EB}
		{E53FA817-58CD-4BA6-A7DA-6B980095D8FF} = {12342845-533D-4214-BB68-CC4B91E671EB}
		{8CAC0F23-E889-4157-9D26-4880E81DA329} = {12342845-533D-4214-BB68-CC4B91E671EB}
		{7923AD65-7A59-4040-9FA2-8E2A30672466} = {B873E4DA-302F-453B-B5C3-3BB4B74FAFC7}
		{4F081298-DD2A-4C8B-83F4-37E3DAF1D517} = {B873E4DA-302F-453B-B5C3-3BB4B74FAFC7}
		{154DA928-259C-4964-A1D7-E95D16C96EFB} = {12342845-533D-4214-BB68-CC4B91E671EB}
		{FBA1F40F-7841-486D-B5BA-5EBCBB28F7B4} = {12342845-533D-4214-BB68-CC4B91E671EB}
		{D351F0DA-5C5F-422F-B743-9D26EC931EAC} = {12342845-533D-4214-BB68-CC4B91E671EB}
		{F851C6BD-4E0F-4F8F-AFA3-6810627BF12E} = {12342845-533D-4214-BB68-CC4B91E671EB}
		{C951522E-5789-485B-9A4E-A2C68EB9B4F5} = {12342845-533D-4214-BB68-CC4B91E671EB}
		{12128A31-BF4C-4D69-8A70-E2AAF5B15822} = {12342845-533D-4214-BB68-CC4B91E671EB}
		{900160AA-5CBC-4026-B2ED-5F89CAB79DA0} = {B873E4DA-302F-453B-B5C3-3BB4B74FAFC7}
		{95FF51E4-87D0-4029-8028-9A345E1D3425} = {B873E4DA-302F-453B-B5C3-3BB4B74FAFC7}
		{FCBDFD8C-5C82-4130-BB30-E29A5E59F596} = {12342845-533D-4214-BB68-CC4B91E671EB}
		{CEDC8832-8F0D-4E3E-949E-DCD2EF0314E9} = {12342845-533D-4214-BB68-CC4B91E671EB}
		{03C2A2C3-1FE8-4288-A388-95A91A2ACD05} = {12342845-533D-4214-BB68-CC4B91E671EB}
		{65838C78-8464-4724-BEA1-C5E3A9FA0016} = {12342845-533D-4214-BB68-CC4B91E671EB}
		{786F33CA-4C0A-46CF-AB34-84DA8E4C8FB1} = {12342845-533D-4214-BB68-CC4B91E671EB}
		{C8B2DF9D-EE2C-414B-BC87-50468E333439} = {B873E4DA-302F-453B-B5C3-3BB4B74FAFC7}
		{AE3BE272-6EC9-40EA-A138-EDB739114EAF} = {B873E4DA-302F-453B-B5C3-3BB4B74FAFC7}
		{B9456A3F-A7CF-4C18-9D62-181125517560} = {B873E4DA-302F-453B-B5C3-3BB4B74FAFC7}
		{F9650F42-7243-4CA5-A60E-702E18D78AFA} = {12342845-533D-4214-BB68-CC4B91E671EB}
		{0CD3786A-DCDD-4995-B88C-D25AF8ABA305} = {12342845-533D-4214-BB68-CC4B91E671EB}
		{AFBB5387-D8A3-462C-934F-580967876E50} = {12342845-533D-4214-BB68-CC4B91E671EB}
		{AD0A5F95-8FBB-473C-954D-0D29B0CE87DD} = {12342845-533D-4214-BB68-CC4B91E671EB}
		{5CB218ED-F00D-4AEB-89FA-227F48A18270} = {12342845-533D-4214-BB68-CC4B91E671EB}
		{0518A4F6-07A5-4011-97A4-5DCAA0E40F9E} = {12342845-533D-4214-BB68-CC4B91E671EB}
		{539990A0-8DB5-432A-BC03-54E278258853} = {12342845-533D-4214-BB68-CC4B91E671EB}
		{4B05D3E8-0B78-4D64-893B-B55EDDC777A3} = {12342845-533D-4214-BB68-CC4B91E671EB}
		{6F712C15-A141-43B3-A7AD-8AC545BCB2E8} = {12342845-533D-4214-BB68-CC4B91E671EB}
		{85DAE6C3-5059-47F1-AE5D-4493D27FAE84} = {12342845-533D-4214-BB68-CC4B91E671EB}
		{54A0A6E4-E3B6-4465-B7F5-2BDBCFBA71BE} = {12342845-533D-4214-BB68-CC4B91E671EB}
		{EFDFB835-29C8-457B-B2E3-58B9EF254E81} = {B873E4DA-302F-453B-B5C3-3BB4B74FAFC7}
		{883E5C97-1149-4C07-BCBF-95D469C37629} = {12342845-533D-4214-BB68-CC4B91E671EB}
		{13F66A72-C1C9-46A6-9738-B580D1A118D4} = {12342845-533D-4214-BB68-CC4B91E671EB}
		{5F76C25C-D89D-4141-8A2F-580131C41972} = {B873E4DA-302F-453B-B5C3-3BB4B74FAFC7}
		{8C889D8E-006D-40B5-9E55-C726C18459D6} = {B873E4DA-302F-453B-B5C3-3BB4B74FAFC7}
	EndGlobalSection
EndGlobal
